// !$*UTF8*$!
{
	archiveVersion = 1;
	classes = {
	};
	objectVersion = 56;
	objects = {

/* Begin PBXBuildFile section */
		65B4D05A2CE73D930040A5AA /* DailyTargetsAppApp.swift in Sources */ = {isa = PBXBuildFile; fileRef = 65B4D0592CE73D930040A5AA /* DailyTargetsAppApp.swift */; };
		65B4D05C2CE73D930040A5AA /* ContentView.swift in Sources */ = {isa = PBXBuildFile; fileRef = 65B4D05B2CE73D930040A5AA /* ContentView.swift */; };
		65B4D05E2CE73D950040A5AA /* Assets.xcassets in Resources */ = {isa = PBXBuildFile; fileRef = 65B4D05D2CE73D950040A5AA /* Assets.xcassets */; };
		65B4D0612CE73D950040A5AA /* Preview Assets.xcassets in Resources */ = {isa = PBXBuildFile; fileRef = 65B4D0602CE73D950040A5AA /* Preview Assets.xcassets */; };
		65B4D06B2CE73D950040A5AA /* DailyTargetsAppTests.swift in Sources */ = {isa = PBXBuildFile; fileRef = 65B4D06A2CE73D950040A5AA /* DailyTargetsAppTests.swift */; };
		65B4D0752CE73D950040A5AA /* DailyTargetsAppUITests.swift in Sources */ = {isa = PBXBuildFile; fileRef = 65B4D0742CE73D950040A5AA /* DailyTargetsAppUITests.swift */; };
		65B4D0772CE73D950040A5AA /* DailyTargetsAppUITestsLaunchTests.swift in Sources */ = {isa = PBXBuildFile; fileRef = 65B4D0762CE73D950040A5AA /* DailyTargetsAppUITestsLaunchTests.swift */; };
/* End PBXBuildFile section */

/* Begin PBXContainerItemProxy section */
		65B4D0672CE73D950040A5AA /* PBXContainerItemProxy */ = {
			isa = PBXContainerItemProxy;
			containerPortal = 65B4D04E2CE73D930040A5AA /* Project object */;
			proxyType = 1;
			remoteGlobalIDString = 65B4D0552CE73D930040A5AA;
			remoteInfo = DailyTargetsApp;
		};
		65B4D0712CE73D950040A5AA /* PBXContainerItemProxy */ = {
			isa = PBXContainerItemProxy;
			containerPortal = 65B4D04E2CE73D930040A5AA /* Project object */;
			proxyType = 1;
			remoteGlobalIDString = 65B4D0552CE73D930040A5AA;
			remoteInfo = DailyTargetsApp;
		};
/* End PBXContainerItemProxy section */

/* Begin PBXFileReference section */
		65B4D0562CE73D930040A5AA /* DailyTargetsApp.app */ = {isa = PBXFileReference; explicitFileType = wrapper.application; includeInIndex = 0; path = DailyTargetsApp.app; sourceTree = BUILT_PRODUCTS_DIR; };
		65B4D0592CE73D930040A5AA /* DailyTargetsAppApp.swift */ = {isa = PBXFileReference; lastKnownFileType = sourcecode.swift; path = DailyTargetsAppApp.swift; sourceTree = "<group>"; };
		65B4D05B2CE73D930040A5AA /* ContentView.swift */ = {isa = PBXFileReference; lastKnownFileType = sourcecode.swift; path = ContentView.swift; sourceTree = "<group>"; };
		65B4D05D2CE73D950040A5AA /* Assets.xcassets */ = {isa = PBXFileReference; lastKnownFileType = folder.assetcatalog; path = Assets.xcassets; sourceTree = "<group>"; };
		65B4D0602CE73D950040A5AA /* Preview Assets.xcassets */ = {isa = PBXFileReference; lastKnownFileType = folder.assetcatalog; path = "Preview Assets.xcassets"; sourceTree = "<group>"; };
		65B4D0662CE73D950040A5AA /* DailyTargetsAppTests.xctest */ = {isa = PBXFileReference; explicitFileType = wrapper.cfbundle; includeInIndex = 0; path = DailyTargetsAppTests.xctest; sourceTree = BUILT_PRODUCTS_DIR; };
		65B4D06A2CE73D950040A5AA /* DailyTargetsAppTests.swift */ = {isa = PBXFileReference; lastKnownFileType = sourcecode.swift; path = DailyTargetsAppTests.swift; sourceTree = "<group>"; };
		65B4D0702CE73D950040A5AA /* DailyTargetsAppUITests.xctest */ = {isa = PBXFileReference; explicitFileType = wrapper.cfbundle; includeInIndex = 0; path = DailyTargetsAppUITests.xctest; sourceTree = BUILT_PRODUCTS_DIR; };
		65B4D0742CE73D950040A5AA /* DailyTargetsAppUITests.swift */ = {isa = PBXFileReference; lastKnownFileType = sourcecode.swift; path = DailyTargetsAppUITests.swift; sourceTree = "<group>"; };
		65B4D0762CE73D950040A5AA /* DailyTargetsAppUITestsLaunchTests.swift */ = {isa = PBXFileReference; lastKnownFileType = sourcecode.swift; path = DailyTargetsAppUITestsLaunchTests.swift; sourceTree = "<group>"; };
/* End PBXFileReference section */

/* Begin PBXFrameworksBuildPhase section */
		65B4D0532CE73D930040A5AA /* Frameworks */ = {
			isa = PBXFrameworksBuildPhase;
			buildActionMask = 2147483647;
			files = (
			);
			runOnlyForDeploymentPostprocessing = 0;
		};
		65B4D0632CE73D950040A5AA /* Frameworks */ = {
			isa = PBXFrameworksBuildPhase;
			buildActionMask = 2147483647;
			files = (
			);
			runOnlyForDeploymentPostprocessing = 0;
		};
		65B4D06D2CE73D950040A5AA /* Frameworks */ = {
			isa = PBXFrameworksBuildPhase;
			buildActionMask = 2147483647;
			files = (
			);
			runOnlyForDeploymentPostprocessing = 0;
		};
/* End PBXFrameworksBuildPhase section */

/* Begin PBXGroup section */
		65B4D04D2CE73D930040A5AA = {
			isa = PBXGroup;
			children = (
				65B4D0582CE73D930040A5AA /* DailyTargetsApp */,
				65B4D0692CE73D950040A5AA /* DailyTargetsAppTests */,
				65B4D0732CE73D950040A5AA /* DailyTargetsAppUITests */,
				65B4D0572CE73D930040A5AA /* Products */,
			);
			sourceTree = "<group>";
		};
		65B4D0572CE73D930040A5AA /* Products */ = {
			isa = PBXGroup;
			children = (
				65B4D0562CE73D930040A5AA /* DailyTargetsApp.app */,
				65B4D0662CE73D950040A5AA /* DailyTargetsAppTests.xctest */,
				65B4D0702CE73D950040A5AA /* DailyTargetsAppUITests.xctest */,
			);
			name = Products;
			sourceTree = "<group>";
		};
		65B4D0582CE73D930040A5AA /* DailyTargetsApp */ = {
			isa = PBXGroup;
			children = (
				65B4D0592CE73D930040A5AA /* DailyTargetsAppApp.swift */,
				65B4D05B2CE73D930040A5AA /* ContentView.swift */,
				65B4D05D2CE73D950040A5AA /* Assets.xcassets */,
				65B4D05F2CE73D950040A5AA /* Preview Content */,
			);
			path = DailyTargetsApp;
			sourceTree = "<group>";
		};
		65B4D05F2CE73D950040A5AA /* Preview Content */ = {
			isa = PBXGroup;
			children = (
				65B4D0602CE73D950040A5AA /* Preview Assets.xcassets */,
			);
			path = "Preview Content";
			sourceTree = "<group>";
		};
		65B4D0692CE73D950040A5AA /* DailyTargetsAppTests */ = {
			isa = PBXGroup;
			children = (
				65B4D06A2CE73D950040A5AA /* DailyTargetsAppTests.swift */,
			);
			path = DailyTargetsAppTests;
			sourceTree = "<group>";
		};
		65B4D0732CE73D950040A5AA /* DailyTargetsAppUITests */ = {
			isa = PBXGroup;
			children = (
				65B4D0742CE73D950040A5AA /* DailyTargetsAppUITests.swift */,
				65B4D0762CE73D950040A5AA /* DailyTargetsAppUITestsLaunchTests.swift */,
			);
			path = DailyTargetsAppUITests;
			sourceTree = "<group>";
		};
/* End PBXGroup section */

/* Begin PBXNativeTarget section */
		65B4D0552CE73D930040A5AA /* DailyTargetsApp */ = {
			isa = PBXNativeTarget;
			buildConfigurationList = 65B4D07A2CE73D950040A5AA /* Build configuration list for PBXNativeTarget "DailyTargetsApp" */;
			buildPhases = (
				65B4D0522CE73D930040A5AA /* Sources */,
				65B4D0532CE73D930040A5AA /* Frameworks */,
				65B4D0542CE73D930040A5AA /* Resources */,
			);
			buildRules = (
			);
			dependencies = (
			);
			name = DailyTargetsApp;
			productName = DailyTargetsApp;
			productReference = 65B4D0562CE73D930040A5AA /* DailyTargetsApp.app */;
			productType = "com.apple.product-type.application";
		};
		65B4D0652CE73D950040A5AA /* DailyTargetsAppTests */ = {
			isa = PBXNativeTarget;
			buildConfigurationList = 65B4D07D2CE73D950040A5AA /* Build configuration list for PBXNativeTarget "DailyTargetsAppTests" */;
			buildPhases = (
				65B4D0622CE73D950040A5AA /* Sources */,
				65B4D0632CE73D950040A5AA /* Frameworks */,
				65B4D0642CE73D950040A5AA /* Resources */,
			);
			buildRules = (
			);
			dependencies = (
				65B4D0682CE73D950040A5AA /* PBXTargetDependency */,
			);
			name = DailyTargetsAppTests;
			productName = DailyTargetsAppTests;
			productReference = 65B4D0662CE73D950040A5AA /* DailyTargetsAppTests.xctest */;
			productType = "com.apple.product-type.bundle.unit-test";
		};
		65B4D06F2CE73D950040A5AA /* DailyTargetsAppUITests */ = {
			isa = PBXNativeTarget;
			buildConfigurationList = 65B4D0802CE73D950040A5AA /* Build configuration list for PBXNativeTarget "DailyTargetsAppUITests" */;
			buildPhases = (
				65B4D06C2CE73D950040A5AA /* Sources */,
				65B4D06D2CE73D950040A5AA /* Frameworks */,
				65B4D06E2CE73D950040A5AA /* Resources */,
			);
			buildRules = (
			);
			dependencies = (
				65B4D0722CE73D950040A5AA /* PBXTargetDependency */,
			);
			name = DailyTargetsAppUITests;
			productName = DailyTargetsAppUITests;
			productReference = 65B4D0702CE73D950040A5AA /* DailyTargetsAppUITests.xctest */;
			productType = "com.apple.product-type.bundle.ui-testing";
		};
/* End PBXNativeTarget section */

/* Begin PBXProject section */
		65B4D04E2CE73D930040A5AA /* Project object */ = {
			isa = PBXProject;
			attributes = {
				BuildIndependentTargetsInParallel = 1;
				LastSwiftUpdateCheck = 1540;
				LastUpgradeCheck = 1540;
				TargetAttributes = {
					65B4D0552CE73D930040A5AA = {
						CreatedOnToolsVersion = 15.4;
					};
					65B4D0652CE73D950040A5AA = {
						CreatedOnToolsVersion = 15.4;
						TestTargetID = 65B4D0552CE73D930040A5AA;
					};
					65B4D06F2CE73D950040A5AA = {
						CreatedOnToolsVersion = 15.4;
						TestTargetID = 65B4D0552CE73D930040A5AA;
					};
				};
			};
			buildConfigurationList = 65B4D0512CE73D930040A5AA /* Build configuration list for PBXProject "DailyTargetsApp" */;
			compatibilityVersion = "Xcode 14.0";
			developmentRegion = en;
			hasScannedForEncodings = 0;
			knownRegions = (
				en,
				Base,
			);
			mainGroup = 65B4D04D2CE73D930040A5AA;
			productRefGroup = 65B4D0572CE73D930040A5AA /* Products */;
			projectDirPath = "";
			projectRoot = "";
			targets = (
				65B4D0552CE73D930040A5AA /* DailyTargetsApp */,
				65B4D0652CE73D950040A5AA /* DailyTargetsAppTests */,
				65B4D06F2CE73D950040A5AA /* DailyTargetsAppUITests */,
			);
		};
/* End PBXProject section */

/* Begin PBXResourcesBuildPhase section */
		65B4D0542CE73D930040A5AA /* Resources */ = {
			isa = PBXResourcesBuildPhase;
			buildActionMask = 2147483647;
			files = (
				65B4D0612CE73D950040A5AA /* Preview Assets.xcassets in Resources */,
				65B4D05E2CE73D950040A5AA /* Assets.xcassets in Resources */,
			);
			runOnlyForDeploymentPostprocessing = 0;
		};
		65B4D0642CE73D950040A5AA /* Resources */ = {
			isa = PBXResourcesBuildPhase;
			buildActionMask = 2147483647;
			files = (
			);
			runOnlyForDeploymentPostprocessing = 0;
		};
		65B4D06E2CE73D950040A5AA /* Resources */ = {
			isa = PBXResourcesBuildPhase;
			buildActionMask = 2147483647;
			files = (
			);
			runOnlyForDeploymentPostprocessing = 0;
		};
/* End PBXResourcesBuildPhase section */

/* Begin PBXSourcesBuildPhase section */
		65B4D0522CE73D930040A5AA /* Sources */ = {
			isa = PBXSourcesBuildPhase;
			buildActionMask = 2147483647;
			files = (
				65B4D05C2CE73D930040A5AA /* ContentView.swift in Sources */,
				65B4D05A2CE73D930040A5AA /* DailyTargetsAppApp.swift in Sources */,
			);
			runOnlyForDeploymentPostprocessing = 0;
		};
		65B4D0622CE73D950040A5AA /* Sources */ = {
			isa = PBXSourcesBuildPhase;
			buildActionMask = 2147483647;
			files = (
				65B4D06B2CE73D950040A5AA /* DailyTargetsAppTests.swift in Sources */,
			);
			runOnlyForDeploymentPostprocessing = 0;
		};
		65B4D06C2CE73D950040A5AA /* Sources */ = {
			isa = PBXSourcesBuildPhase;
			buildActionMask = 2147483647;
			files = (
				65B4D0752CE73D950040A5AA /* DailyTargetsAppUITests.swift in Sources */,
				65B4D0772CE73D950040A5AA /* DailyTargetsAppUITestsLaunchTests.swift in Sources */,
			);
			runOnlyForDeploymentPostprocessing = 0;
		};
/* End PBXSourcesBuildPhase section */

/* Begin PBXTargetDependency section */
		65B4D0682CE73D950040A5AA /* PBXTargetDependency */ = {
			isa = PBXTargetDependency;
			target = 65B4D0552CE73D930040A5AA /* DailyTargetsApp */;
			targetProxy = 65B4D0672CE73D950040A5AA /* PBXContainerItemProxy */;
		};
		65B4D0722CE73D950040A5AA /* PBXTargetDependency */ = {
			isa = PBXTargetDependency;
			target = 65B4D0552CE73D930040A5AA /* DailyTargetsApp */;
			targetProxy = 65B4D0712CE73D950040A5AA /* PBXContainerItemProxy */;
		};
/* End PBXTargetDependency section */

/* Begin XCBuildConfiguration section */
		65B4D0782CE73D950040A5AA /* Debug */ = {
			isa = XCBuildConfiguration;
			buildSettings = {
				ALWAYS_SEARCH_USER_PATHS = NO;
				ASSETCATALOG_COMPILER_GENERATE_SWIFT_ASSET_SYMBOL_EXTENSIONS = YES;
				CLANG_ANALYZER_NONNULL = YES;
				CLANG_ANALYZER_NUMBER_OBJECT_CONVERSION = YES_AGGRESSIVE;
				CLANG_CXX_LANGUAGE_STANDARD = "gnu++20";
				CLANG_ENABLE_MODULES = YES;
				CLANG_ENABLE_OBJC_ARC = YES;
				CLANG_ENABLE_OBJC_WEAK = YES;
				CLANG_WARN_BLOCK_CAPTURE_AUTORELEASING = YES;
				CLANG_WARN_BOOL_CONVERSION = YES;
				CLANG_WARN_COMMA = YES;
				CLANG_WARN_CONSTANT_CONVERSION = YES;
				CLANG_WARN_DEPRECATED_OBJC_IMPLEMENTATIONS = YES;
				CLANG_WARN_DIRECT_OBJC_ISA_USAGE = YES_ERROR;
				CLANG_WARN_DOCUMENTATION_COMMENTS = YES;
				CLANG_WARN_EMPTY_BODY = YES;
				CLANG_WARN_ENUM_CONVERSION = YES;
				CLANG_WARN_INFINITE_RECURSION = YES;
				CLANG_WARN_INT_CONVERSION = YES;
				CLANG_WARN_NON_LITERAL_NULL_CONVERSION = YES;
				CLANG_WARN_OBJC_IMPLICIT_RETAIN_SELF = YES;
				CLANG_WARN_OBJC_LITERAL_CONVERSION = YES;
				CLANG_WARN_OBJC_ROOT_CLASS = YES_ERROR;
				CLANG_WARN_QUOTED_INCLUDE_IN_FRAMEWORK_HEADER = YES;
				CLANG_WARN_RANGE_LOOP_ANALYSIS = YES;
				CLANG_WARN_STRICT_PROTOTYPES = YES;
				CLANG_WARN_SUSPICIOUS_MOVE = YES;
				CLANG_WARN_UNGUARDED_AVAILABILITY = YES_AGGRESSIVE;
				CLANG_WARN_UNREACHABLE_CODE = YES;
				CLANG_WARN__DUPLICATE_METHOD_MATCH = YES;
				COPY_PHASE_STRIP = NO;
				DEBUG_INFORMATION_FORMAT = dwarf;
				ENABLE_STRICT_OBJC_MSGSEND = YES;
				ENABLE_TESTABILITY = YES;
				ENABLE_USER_SCRIPT_SANDBOXING = YES;
				GCC_C_LANGUAGE_STANDARD = gnu17;
				GCC_DYNAMIC_NO_PIC = NO;
				GCC_NO_COMMON_BLOCKS = YES;
				GCC_OPTIMIZATION_LEVEL = 0;
				GCC_PREPROCESSOR_DEFINITIONS = (
					"DEBUG=1",
					"$(inherited)",
				);
				GCC_WARN_64_TO_32_BIT_CONVERSION = YES;
				GCC_WARN_ABOUT_RETURN_TYPE = YES_ERROR;
				GCC_WARN_UNDECLARED_SELECTOR = YES;
				GCC_WARN_UNINITIALIZED_AUTOS = YES_AGGRESSIVE;
				GCC_WARN_UNUSED_FUNCTION = YES;
				GCC_WARN_UNUSED_VARIABLE = YES;
				IPHONEOS_DEPLOYMENT_TARGET = 17.5;
				LOCALIZATION_PREFERS_STRING_CATALOGS = YES;
				MTL_ENABLE_DEBUG_INFO = INCLUDE_SOURCE;
				MTL_FAST_MATH = YES;
				ONLY_ACTIVE_ARCH = YES;
				SDKROOT = iphoneos;
				SWIFT_ACTIVE_COMPILATION_CONDITIONS = "DEBUG $(inherited)";
				SWIFT_OPTIMIZATION_LEVEL = "-Onone";
			};
			name = Debug;
		};
		65B4D0792CE73D950040A5AA /* Release */ = {
			isa = XCBuildConfiguration;
			buildSettings = {
				ALWAYS_SEARCH_USER_PATHS = NO;
				ASSETCATALOG_COMPILER_GENERATE_SWIFT_ASSET_SYMBOL_EXTENSIONS = YES;
				CLANG_ANALYZER_NONNULL = YES;
				CLANG_ANALYZER_NUMBER_OBJECT_CONVERSION = YES_AGGRESSIVE;
				CLANG_CXX_LANGUAGE_STANDARD = "gnu++20";
				CLANG_ENABLE_MODULES = YES;
				CLANG_ENABLE_OBJC_ARC = YES;
				CLANG_ENABLE_OBJC_WEAK = YES;
				CLANG_WARN_BLOCK_CAPTURE_AUTORELEASING = YES;
				CLANG_WARN_BOOL_CONVERSION = YES;
				CLANG_WARN_COMMA = YES;
				CLANG_WARN_CONSTANT_CONVERSION = YES;
				CLANG_WARN_DEPRECATED_OBJC_IMPLEMENTATIONS = YES;
				CLANG_WARN_DIRECT_OBJC_ISA_USAGE = YES_ERROR;
				CLANG_WARN_DOCUMENTATION_COMMENTS = YES;
				CLANG_WARN_EMPTY_BODY = YES;
				CLANG_WARN_ENUM_CONVERSION = YES;
				CLANG_WARN_INFINITE_RECURSION = YES;
				CLANG_WARN_INT_CONVERSION = YES;
				CLANG_WARN_NON_LITERAL_NULL_CONVERSION = YES;
				CLANG_WARN_OBJC_IMPLICIT_RETAIN_SELF = YES;
				CLANG_WARN_OBJC_LITERAL_CONVERSION = YES;
				CLANG_WARN_OBJC_ROOT_CLASS = YES_ERROR;
				CLANG_WARN_QUOTED_INCLUDE_IN_FRAMEWORK_HEADER = YES;
				CLANG_WARN_RANGE_LOOP_ANALYSIS = YES;
				CLANG_WARN_STRICT_PROTOTYPES = YES;
				CLANG_WARN_SUSPICIOUS_MOVE = YES;
				CLANG_WARN_UNGUARDED_AVAILABILITY = YES_AGGRESSIVE;
				CLANG_WARN_UNREACHABLE_CODE = YES;
				CLANG_WARN__DUPLICATE_METHOD_MATCH = YES;
				COPY_PHASE_STRIP = NO;
				DEBUG_INFORMATION_FORMAT = "dwarf-with-dsym";
				ENABLE_NS_ASSERTIONS = NO;
				ENABLE_STRICT_OBJC_MSGSEND = YES;
				ENABLE_USER_SCRIPT_SANDBOXING = YES;
				GCC_C_LANGUAGE_STANDARD = gnu17;
				GCC_NO_COMMON_BLOCKS = YES;
				GCC_WARN_64_TO_32_BIT_CONVERSION = YES;
				GCC_WARN_ABOUT_RETURN_TYPE = YES_ERROR;
				GCC_WARN_UNDECLARED_SELECTOR = YES;
				GCC_WARN_UNINITIALIZED_AUTOS = YES_AGGRESSIVE;
				GCC_WARN_UNUSED_FUNCTION = YES;
				GCC_WARN_UNUSED_VARIABLE = YES;
				IPHONEOS_DEPLOYMENT_TARGET = 17.5;
				LOCALIZATION_PREFERS_STRING_CATALOGS = YES;
				MTL_ENABLE_DEBUG_INFO = NO;
				MTL_FAST_MATH = YES;
				SDKROOT = iphoneos;
				SWIFT_COMPILATION_MODE = wholemodule;
				VALIDATE_PRODUCT = YES;
			};
			name = Release;
		};
		65B4D07B2CE73D950040A5AA /* Debug */ = {
			isa = XCBuildConfiguration;
			buildSettings = {
				ASSETCATALOG_COMPILER_APPICON_NAME = AppIcon;
				ASSETCATALOG_COMPILER_GLOBAL_ACCENT_COLOR_NAME = AccentColor;
				CODE_SIGN_STYLE = Automatic;
				CURRENT_PROJECT_VERSION = 1;
				DEVELOPMENT_ASSET_PATHS = "\"DailyTargetsApp/Preview Content\"";
				ENABLE_PREVIEWS = YES;
				GENERATE_INFOPLIST_FILE = YES;
				INFOPLIST_KEY_UIApplicationSceneManifest_Generation = YES;
				INFOPLIST_KEY_UIApplicationSupportsIndirectInputEvents = YES;
				INFOPLIST_KEY_UILaunchScreen_Generation = YES;
				INFOPLIST_KEY_UISupportedInterfaceOrientations_iPad = "UIInterfaceOrientationPortrait UIInterfaceOrientationPortraitUpsideDown UIInterfaceOrientationLandscapeLeft UIInterfaceOrientationLandscapeRight";
				INFOPLIST_KEY_UISupportedInterfaceOrientations_iPhone = "UIInterfaceOrientationPortrait UIInterfaceOrientationLandscapeLeft UIInterfaceOrientationLandscapeRight";
				LD_RUNPATH_SEARCH_PATHS = (
					"$(inherited)",
					"@executable_path/Frameworks",
				);
				MARKETING_VERSION = 1.0;
				PRODUCT_BUNDLE_IDENTIFIER = com.haticetasdemir.DailyTargetsApp;
				PRODUCT_NAME = "$(TARGET_NAME)";
				SWIFT_EMIT_LOC_STRINGS = YES;
				SWIFT_VERSION = 5.0;
				TARGETED_DEVICE_FAMILY = "1,2";
			};
			name = Debug;
		};
		65B4D07C2CE73D950040A5AA /* Release */ = {
			isa = XCBuildConfiguration;
			buildSettings = {
				ASSETCATALOG_COMPILER_APPICON_NAME = AppIcon;
				ASSETCATALOG_COMPILER_GLOBAL_ACCENT_COLOR_NAME = AccentColor;
				CODE_SIGN_STYLE = Automatic;
				CURRENT_PROJECT_VERSION = 1;
				DEVELOPMENT_ASSET_PATHS = "\"DailyTargetsApp/Preview Content\"";
				ENABLE_PREVIEWS = YES;
				GENERATE_INFOPLIST_FILE = YES;
				INFOPLIST_KEY_UIApplicationSceneManifest_Generation = YES;
				INFOPLIST_KEY_UIApplicationSupportsIndirectInputEvents = YES;
				INFOPLIST_KEY_UILaunchScreen_Generation = YES;
				INFOPLIST_KEY_UISupportedInterfaceOrientations_iPad = "UIInterfaceOrientationPortrait UIInterfaceOrientationPortraitUpsideDown UIInterfaceOrientationLandscapeLeft UIInterfaceOrientationLandscapeRight";
				INFOPLIST_KEY_UISupportedInterfaceOrientations_iPhone = "UIInterfaceOrientationPortrait UIInterfaceOrientationLandscapeLeft UIInterfaceOrientationLandscapeRight";
				LD_RUNPATH_SEARCH_PATHS = (
					"$(inherited)",
					"@executable_path/Frameworks",
				);
				MARKETING_VERSION = 1.0;
				PRODUCT_BUNDLE_IDENTIFIER = com.haticetasdemir.DailyTargetsApp;
				PRODUCT_NAME = "$(TARGET_NAME)";
				SWIFT_EMIT_LOC_STRINGS = YES;
				SWIFT_VERSION = 5.0;
				TARGETED_DEVICE_FAMILY = "1,2";
			};
			name = Release;
		};
		65B4D07E2CE73D950040A5AA /* Debug */ = {
			isa = XCBuildConfiguration;
			buildSettings = {
				ALWAYS_EMBED_SWIFT_STANDARD_LIBRARIES = YES;
				BUNDLE_LOADER = "$(TEST_HOST)";
				CODE_SIGN_STYLE = Automatic;
				CURRENT_PROJECT_VERSION = 1;
				GENERATE_INFOPLIST_FILE = YES;
				IPHONEOS_DEPLOYMENT_TARGET = 17.5;
				MARKETING_VERSION = 1.0;
				PRODUCT_BUNDLE_IDENTIFIER = com.haticetasdemir.DailyTargetsAppTests;
				PRODUCT_NAME = "$(TARGET_NAME)";
				SWIFT_EMIT_LOC_STRINGS = NO;
				SWIFT_VERSION = 5.0;
				TARGETED_DEVICE_FAMILY = "1,2";
				TEST_HOST = "$(BUILT_PRODUCTS_DIR)/DailyTargetsApp.app/$(BUNDLE_EXECUTABLE_FOLDER_PATH)/DailyTargetsApp";
			};
			name = Debug;
		};
		65B4D07F2CE73D950040A5AA /* Release */ = {
			isa = XCBuildConfiguration;
			buildSettings = {
				ALWAYS_EMBED_SWIFT_STANDARD_LIBRARIES = YES;
				BUNDLE_LOADER = "$(TEST_HOST)";
				CODE_SIGN_STYLE = Automatic;
				CURRENT_PROJECT_VERSION = 1;
				GENERATE_INFOPLIST_FILE = YES;
				IPHONEOS_DEPLOYMENT_TARGET = 17.5;
				MARKETING_VERSION = 1.0;
				PRODUCT_BUNDLE_IDENTIFIER = com.haticetasdemir.DailyTargetsAppTests;
				PRODUCT_NAME = "$(TARGET_NAME)";
				SWIFT_EMIT_LOC_STRINGS = NO;
				SWIFT_VERSION = 5.0;
				TARGETED_DEVICE_FAMILY = "1,2";
				TEST_HOST = "$(BUILT_PRODUCTS_DIR)/DailyTargetsApp.app/$(BUNDLE_EXECUTABLE_FOLDER_PATH)/DailyTargetsApp";
			};
			name = Release;
		};
		65B4D0812CE73D950040A5AA /* Debug */ = {
			isa = XCBuildConfiguration;
			buildSettings = {
				ALWAYS_EMBED_SWIFT_STANDARD_LIBRARIES = YES;
				CODE_SIGN_STYLE = Automatic;
				CURRENT_PROJECT_VERSION = 1;
				GENERATE_INFOPLIST_FILE = YES;
				MARKETING_VERSION = 1.0;
				PRODUCT_BUNDLE_IDENTIFIER = com.haticetasdemir.DailyTargetsAppUITests;
				PRODUCT_NAME = "$(TARGET_NAME)";
				SWIFT_EMIT_LOC_STRINGS = NO;
				SWIFT_VERSION = 5.0;
				TARGETED_DEVICE_FAMILY = "1,2";
				TEST_TARGET_NAME = DailyTargetsApp;
			};
			name = Debug;
		};
		65B4D0822CE73D950040A5AA /* Release */ = {
			isa = XCBuildConfiguration;
			buildSettings = {
				ALWAYS_EMBED_SWIFT_STANDARD_LIBRARIES = YES;
				CODE_SIGN_STYLE = Automatic;
				CURRENT_PROJECT_VERSION = 1;
				GENERATE_INFOPLIST_FILE = YES;
				MARKETING_VERSION = 1.0;
				PRODUCT_BUNDLE_IDENTIFIER = com.haticetasdemir.DailyTargetsAppUITests;
				PRODUCT_NAME = "$(TARGET_NAME)";
				SWIFT_EMIT_LOC_STRINGS = NO;
				SWIFT_VERSION = 5.0;
				TARGETED_DEVICE_FAMILY = "1,2";
				TEST_TARGET_NAME = DailyTargetsApp;
			};
			name = Release;
		};
/* End XCBuildConfiguration section */

/* Begin XCConfigurationList section */
		65B4D0512CE73D930040A5AA /* Build configuration list for PBXProject "DailyTargetsApp" */ = {
			isa = XCConfigurationList;
			buildConfigurations = (
				65B4D0782CE73D950040A5AA /* Debug */,
				65B4D0792CE73D950040A5AA /* Release */,
			);
			defaultConfigurationIsVisible = 0;
			defaultConfigurationName = Release;
		};
		65B4D07A2CE73D950040A5AA /* Build configuration list for PBXNativeTarget "DailyTargetsApp" */ = {
			isa = XCConfigurationList;
			buildConfigurations = (
				65B4D07B2CE73D950040A5AA /* Debug */,
				65B4D07C2CE73D950040A5AA /* Release */,
			);
			defaultConfigurationIsVisible = 0;
			defaultConfigurationName = Release;
		};
		65B4D07D2CE73D950040A5AA /* Build configuration list for PBXNativeTarget "DailyTargetsAppTests" */ = {
			isa = XCConfigurationList;
			buildConfigurations = (
				65B4D07E2CE73D950040A5AA /* Debug */,
				65B4D07F2CE73D950040A5AA /* Release */,
			);
			defaultConfigurationIsVisible = 0;
			defaultConfigurationName = Release;
		};
		65B4D0802CE73D950040A5AA /* Build configuration list for PBXNativeTarget "DailyTargetsAppUITests" */ = {
			isa = XCConfigurationList;
			buildConfigurations = (
				65B4D0812CE73D950040A5AA /* Debug */,
				65B4D0822CE73D950040A5AA /* Release */,
			);
			defaultConfigurationIsVisible = 0;
			defaultConfigurationName = Release;
		};
/* End XCConfigurationList section */
	};
	rootObject = 65B4D04E2CE73D930040A5AA /* Project object */;
}
